// !$*UTF8*$!
{
	archiveVersion = 1;
	classes = {
	};
	objectVersion = 46;
	objects = {

/* Begin PBXBuildFile section */
		9851F63985C97791E7BA709C /* Pods_LottieTest.framework in Frameworks */ = {isa = PBXBuildFile; fileRef = 59BCEFEA1B826011FADBEE3A /* Pods_LottieTest.framework */; };
		AFA83F541F1C8C4E001C03D3 /* timer_(3_second_loop).json in Resources */ = {isa = PBXBuildFile; fileRef = AFA83F511F1C8C4E001C03D3 /* timer_(3_second_loop).json */; };
		AFA83F551F1C8C4E001C03D3 /* pink_drink_machine.json in Resources */ = {isa = PBXBuildFile; fileRef = AFA83F521F1C8C4E001C03D3 /* pink_drink_machine.json */; };
		AFA83F561F1C8C4E001C03D3 /* crown.json in Resources */ = {isa = PBXBuildFile; fileRef = AFA83F531F1C8C4E001C03D3 /* crown.json */; };
		AFFA2A391F1C8B46004F9DE4 /* AppDelegate.swift in Sources */ = {isa = PBXBuildFile; fileRef = AFFA2A381F1C8B46004F9DE4 /* AppDelegate.swift */; };
		AFFA2A3B1F1C8B46004F9DE4 /* ViewController.swift in Sources */ = {isa = PBXBuildFile; fileRef = AFFA2A3A1F1C8B46004F9DE4 /* ViewController.swift */; };
		AFFA2A3E1F1C8B46004F9DE4 /* Main.storyboard in Resources */ = {isa = PBXBuildFile; fileRef = AFFA2A3C1F1C8B46004F9DE4 /* Main.storyboard */; };
		AFFA2A401F1C8B46004F9DE4 /* Assets.xcassets in Resources */ = {isa = PBXBuildFile; fileRef = AFFA2A3F1F1C8B46004F9DE4 /* Assets.xcassets */; };
		AFFA2A431F1C8B46004F9DE4 /* LaunchScreen.storyboard in Resources */ = {isa = PBXBuildFile; fileRef = AFFA2A411F1C8B46004F9DE4 /* LaunchScreen.storyboard */; };
/* End PBXBuildFile section */

/* Begin PBXFileReference section */
		17CA3FD95290030F14C4EDD1 /* Pods-LottieTest.debug.xcconfig */ = {isa = PBXFileReference; includeInIndex = 1; lastKnownFileType = text.xcconfig; name = "Pods-LottieTest.debug.xcconfig"; path = "Pods/Target Support Files/Pods-LottieTest/Pods-LottieTest.debug.xcconfig"; sourceTree = "<group>"; };
		59BCEFEA1B826011FADBEE3A /* Pods_LottieTest.framework */ = {isa = PBXFileReference; explicitFileType = wrapper.framework; includeInIndex = 0; path = Pods_LottieTest.framework; sourceTree = BUILT_PRODUCTS_DIR; };
		AFA83F511F1C8C4E001C03D3 /* timer_(3_second_loop).json */ = {isa = PBXFileReference; fileEncoding = 4; lastKnownFileType = text.json; path = "timer_(3_second_loop).json"; sourceTree = "<group>"; };
		AFA83F521F1C8C4E001C03D3 /* pink_drink_machine.json */ = {isa = PBXFileReference; fileEncoding = 4; lastKnownFileType = text.json; path = pink_drink_machine.json; sourceTree = "<group>"; };
		AFA83F531F1C8C4E001C03D3 /* crown.json */ = {isa = PBXFileReference; fileEncoding = 4; lastKnownFileType = text.json; path = crown.json; sourceTree = "<group>"; };
		AFFA2A351F1C8B46004F9DE4 /* LottieTest.app */ = {isa = PBXFileReference; explicitFileType = wrapper.application; includeInIndex = 0; path = LottieTest.app; sourceTree = BUILT_PRODUCTS_DIR; };
		AFFA2A381F1C8B46004F9DE4 /* AppDelegate.swift */ = {isa = PBXFileReference; lastKnownFileType = sourcecode.swift; path = AppDelegate.swift; sourceTree = "<group>"; };
		AFFA2A3A1F1C8B46004F9DE4 /* ViewController.swift */ = {isa = PBXFileReference; lastKnownFileType = sourcecode.swift; path = ViewController.swift; sourceTree = "<group>"; };
		AFFA2A3D1F1C8B46004F9DE4 /* Base */ = {isa = PBXFileReference; lastKnownFileType = file.storyboard; name = Base; path = Base.lproj/Main.storyboard; sourceTree = "<group>"; };
		AFFA2A3F1F1C8B46004F9DE4 /* Assets.xcassets */ = {isa = PBXFileReference; lastKnownFileType = folder.assetcatalog; path = Assets.xcassets; sourceTree = "<group>"; };
		AFFA2A421F1C8B46004F9DE4 /* Base */ = {isa = PBXFileReference; lastKnownFileType = file.storyboard; name = Base; path = Base.lproj/LaunchScreen.storyboard; sourceTree = "<group>"; };
		AFFA2A441F1C8B46004F9DE4 /* Info.plist */ = {isa = PBXFileReference; lastKnownFileType = text.plist.xml; path = Info.plist; sourceTree = "<group>"; };
		E07AB0ACF6A6E5658BAAFD18 /* Pods-LottieTest.release.xcconfig */ = {isa = PBXFileReference; includeInIndex = 1; lastKnownFileType = text.xcconfig; name = "Pods-LottieTest.release.xcconfig"; path = "Pods/Target Support Files/Pods-LottieTest/Pods-LottieTest.release.xcconfig"; sourceTree = "<group>"; };
/* End PBXFileReference section */

/* Begin PBXFrameworksBuildPhase section */
		AFFA2A321F1C8B45004F9DE4 /* Frameworks */ = {
			isa = PBXFrameworksBuildPhase;
			buildActionMask = 2147483647;
			files = (
				9851F63985C97791E7BA709C /* Pods_LottieTest.framework in Frameworks */,
			);
			runOnlyForDeploymentPostprocessing = 0;
		};
/* End PBXFrameworksBuildPhase section */

/* Begin PBXGroup section */
		481A7EBC7D2F181345FB7EF9 /* Frameworks */ = {
			isa = PBXGroup;
			children = (
				59BCEFEA1B826011FADBEE3A /* Pods_LottieTest.framework */,
			);
			name = Frameworks;
			sourceTree = "<group>";
		};
		62F5427B4052898763D31BDE /* Pods */ = {
			isa = PBXGroup;
			children = (
				17CA3FD95290030F14C4EDD1 /* Pods-LottieTest.debug.xcconfig */,
				E07AB0ACF6A6E5658BAAFD18 /* Pods-LottieTest.release.xcconfig */,
			);
			name = Pods;
			sourceTree = "<group>";
		};
		AFFA2A2C1F1C8B45004F9DE4 = {
			isa = PBXGroup;
			children = (
				AFFA2A371F1C8B46004F9DE4 /* LottieTest */,
				AFFA2A361F1C8B46004F9DE4 /* Products */,
				62F5427B4052898763D31BDE /* Pods */,
				481A7EBC7D2F181345FB7EF9 /* Frameworks */,
			);
			sourceTree = "<group>";
		};
		AFFA2A361F1C8B46004F9DE4 /* Products */ = {
			isa = PBXGroup;
			children = (
				AFFA2A351F1C8B46004F9DE4 /* LottieTest.app */,
			);
			name = Products;
			sourceTree = "<group>";
		};
		AFFA2A371F1C8B46004F9DE4 /* LottieTest */ = {
			isa = PBXGroup;
			children = (
				AFFA2A381F1C8B46004F9DE4 /* AppDelegate.swift */,
				AFFA2A3A1F1C8B46004F9DE4 /* ViewController.swift */,
				AFA83F511F1C8C4E001C03D3 /* timer_(3_second_loop).json */,
				AFA83F521F1C8C4E001C03D3 /* pink_drink_machine.json */,
				AFA83F531F1C8C4E001C03D3 /* crown.json */,
				AFFA2A3C1F1C8B46004F9DE4 /* Main.storyboard */,
				AFFA2A3F1F1C8B46004F9DE4 /* Assets.xcassets */,
				AFFA2A411F1C8B46004F9DE4 /* LaunchScreen.storyboard */,
				AFFA2A441F1C8B46004F9DE4 /* Info.plist */,
			);
			path = LottieTest;
			sourceTree = "<group>";
		};
/* End PBXGroup section */

/* Begin PBXNativeTarget section */
		AFFA2A341F1C8B45004F9DE4 /* LottieTest */ = {
			isa = PBXNativeTarget;
			buildConfigurationList = AFFA2A471F1C8B46004F9DE4 /* Build configuration list for PBXNativeTarget "LottieTest" */;
			buildPhases = (
				A7CAD72D014CFD21E3191B2C /* [CP] Check Pods Manifest.lock */,
				AFFA2A311F1C8B45004F9DE4 /* Sources */,
				AFFA2A321F1C8B45004F9DE4 /* Frameworks */,
				AFFA2A331F1C8B45004F9DE4 /* Resources */,
				696CA663C11ECC6C32528479 /* [CP] Embed Pods Frameworks */,
				3872B77AD1CDB7AE0646696A /* [CP] Copy Pods Resources */,
			);
			buildRules = (
			);
			dependencies = (
			);
			name = LottieTest;
			productName = LottieTest;
			productReference = AFFA2A351F1C8B46004F9DE4 /* LottieTest.app */;
			productType = "com.apple.product-type.application";
		};
/* End PBXNativeTarget section */

/* Begin PBXProject section */
		AFFA2A2D1F1C8B45004F9DE4 /* Project object */ = {
			isa = PBXProject;
			attributes = {
				LastSwiftUpdateCheck = 0810;
				LastUpgradeCheck = 0810;
				ORGANIZATIONNAME = "ice elson";
				TargetAttributes = {
					AFFA2A341F1C8B45004F9DE4 = {
						CreatedOnToolsVersion = 8.1;
						DevelopmentTeam = U55RL8468U;
						ProvisioningStyle = Automatic;
					};
				};
			};
			buildConfigurationList = AFFA2A301F1C8B45004F9DE4 /* Build configuration list for PBXProject "LottieTest" */;
			compatibilityVersion = "Xcode 3.2";
			developmentRegion = English;
			hasScannedForEncodings = 0;
			knownRegions = (
				en,
				Base,
			);
			mainGroup = AFFA2A2C1F1C8B45004F9DE4;
			productRefGroup = AFFA2A361F1C8B46004F9DE4 /* Products */;
			projectDirPath = "";
			projectRoot = "";
			targets = (
				AFFA2A341F1C8B45004F9DE4 /* LottieTest */,
			);
		};
/* End PBXProject section */

/* Begin PBXResourcesBuildPhase section */
		AFFA2A331F1C8B45004F9DE4 /* Resources */ = {
			isa = PBXResourcesBuildPhase;
			buildActionMask = 2147483647;
			files = (
				AFFA2A431F1C8B46004F9DE4 /* LaunchScreen.storyboard in Resources */,
				AFA83F551F1C8C4E001C03D3 /* pink_drink_machine.json in Resources */,
				AFFA2A401F1C8B46004F9DE4 /* Assets.xcassets in Resources */,
				AFA83F561F1C8C4E001C03D3 /* crown.json in Resources */,
				AFA83F541F1C8C4E001C03D3 /* timer_(3_second_loop).json in Resources */,
				AFFA2A3E1F1C8B46004F9DE4 /* Main.storyboard in Resources */,
			);
			runOnlyForDeploymentPostprocessing = 0;
		};
/* End PBXResourcesBuildPhase section */

/* Begin PBXShellScriptBuildPhase section */
		3872B77AD1CDB7AE0646696A /* [CP] Copy Pods Resources */ = {
			isa = PBXShellScriptBuildPhase;
			buildActionMask = 2147483647;
			files = (
			);
			inputPaths = (
			);
			name = "[CP] Copy Pods Resources";
			outputPaths = (
			);
			runOnlyForDeploymentPostprocessing = 0;
			shellPath = /bin/sh;
			shellScript = "\"${SRCROOT}/Pods/Target Support Files/Pods-LottieTest/Pods-LottieTest-resources.sh\"\n";
			showEnvVarsInLog = 0;
		};
		696CA663C11ECC6C32528479 /* [CP] Embed Pods Frameworks */ = {
			isa = PBXShellScriptBuildPhase;
			buildActionMask = 2147483647;
			files = (
			);
			inputPaths = (
			);
			name = "[CP] Embed Pods Frameworks";
			outputPaths = (
			);
			runOnlyForDeploymentPostprocessing = 0;
			shellPath = /bin/sh;
			shellScript = "\"${SRCROOT}/Pods/Target Support Files/Pods-LottieTest/Pods-LottieTest-frameworks.sh\"\n";
			showEnvVarsInLog = 0;
		};
		A7CAD72D014CFD21E3191B2C /* [CP] Check Pods Manifest.lock */ = {
			isa = PBXShellScriptBuildPhase;
			buildActionMask = 2147483647;
			files = (
			);
			inputPaths = (
			);
			name = "[CP] Check Pods Manifest.lock";
			outputPaths = (
			);
			runOnlyForDeploymentPostprocessing = 0;
			shellPath = /bin/sh;
			shellScript = "diff \"${PODS_PODFILE_DIR_PATH}/Podfile.lock\" \"${PODS_ROOT}/Manifest.lock\" > /dev/null\nif [ $? != 0 ] ; then\n    # print error to STDERR\n    echo \"error: The sandbox is not in sync with the Podfile.lock. Run 'pod install' or update your CocoaPods installation.\" >&2\n    exit 1\nfi\n";
			showEnvVarsInLog = 0;
		};
/* End PBXShellScriptBuildPhase section */

/* Begin PBXSourcesBuildPhase section */
		AFFA2A311F1C8B45004F9DE4 /* Sources */ = {
			isa = PBXSourcesBuildPhase;
			buildActionMask = 2147483647;
			files = (
				AFFA2A3B1F1C8B46004F9DE4 /* ViewController.swift in Sources */,
				AFFA2A391F1C8B46004F9DE4 /* AppDelegate.swift in Sources */,
			);
			runOnlyForDeploymentPostprocessing = 0;
		};
/* End PBXSourcesBuildPhase section */

/* Begin PBXVariantGroup section */
		AFFA2A3C1F1C8B46004F9DE4 /* Main.storyboard */ = {
			isa = PBXVariantGroup;
			children = (
				AFFA2A3D1F1C8B46004F9DE4 /* Base */,
			);
			name = Main.storyboard;
			sourceTree = "<group>";
		};
		AFFA2A411F1C8B46004F9DE4 /* LaunchScreen.storyboard */ = {
			isa = PBXVariantGroup;
			children = (
				AFFA2A421F1C8B46004F9DE4 /* Base */,
			);
			name = LaunchScreen.storyboard;
			sourceTree = "<group>";
		};
/* End PBXVariantGroup section */

/* Begin XCBuildConfiguration section */
		AFFA2A451F1C8B46004F9DE4 /* Debug */ = {
			isa = XCBuildConfiguration;
			buildSettings = {
				ALWAYS_SEARCH_USER_PATHS = NO;
				CLANG_ANALYZER_NONNULL = YES;
				CLANG_CXX_LANGUAGE_STANDARD = "gnu++0x";
				CLANG_CXX_LIBRARY = "libc++";
				CLANG_ENABLE_MODULES = YES;
				CLANG_ENABLE_OBJC_ARC = YES;
				CLANG_WARN_BOOL_CONVERSION = YES;
				CLANG_WARN_CONSTANT_CONVERSION = YES;
				CLANG_WARN_DIRECT_OBJC_ISA_USAGE = YES_ERROR;
				CLANG_WARN_DOCUMENTATION_COMMENTS = YES;
				CLANG_WARN_EMPTY_BODY = YES;
				CLANG_WARN_ENUM_CONVERSION = YES;
				CLANG_WARN_INFINITE_RECURSION = YES;
				CLANG_WARN_INT_CONVERSION = YES;
				CLANG_WARN_OBJC_ROOT_CLASS = YES_ERROR;
				CLANG_WARN_SUSPICIOUS_MOVES = YES;
				CLANG_WARN_UNREACHABLE_CODE = YES;
				CLANG_WARN__DUPLICATE_METHOD_MATCH = YES;
				"CODE_SIGN_IDENTITY[sdk=iphoneos*]" = "iPhone Developer";
				COPY_PHASE_STRIP = NO;
				DEBUG_INFORMATION_FORMAT = dwarf;
				ENABLE_STRICT_OBJC_MSGSEND = YES;
				ENABLE_TESTABILITY = YES;
				GCC_C_LANGUAGE_STANDARD = gnu99;
				GCC_DYNAMIC_NO_PIC = NO;
				GCC_NO_COMMON_BLOCKS = YES;
				GCC_OPTIMIZATION_LEVEL = 0;
				GCC_PREPROCESSOR_DEFINITIONS = (
					"DEBUG=1",
					"$(inherited)",
				);
				GCC_WARN_64_TO_32_BIT_CONVERSION = YES;
				GCC_WARN_ABOUT_RETURN_TYPE = YES_ERROR;
				GCC_WARN_UNDECLARED_SELECTOR = YES;
				GCC_WARN_UNINITIALIZED_AUTOS = YES_AGGRESSIVE;
				GCC_WARN_UNUSED_FUNCTION = YES;
				GCC_WARN_UNUSED_VARIABLE = YES;
				IPHONEOS_DEPLOYMENT_TARGET = 10.1;
				MTL_ENABLE_DEBUG_INFO = YES;
				ONLY_ACTIVE_ARCH = YES;
				SDKROOT = iphoneos;
				SWIFT_ACTIVE_COMPILATION_CONDITIONS = DEBUG;
				SWIFT_OPTIMIZATION_LEVEL = "-Onone";
			};
			name = Debug;
		};
		AFFA2A461F1C8B46004F9DE4 /* Release */ = {
			isa = XCBuildConfiguration;
			buildSettings = {
				ALWAYS_SEARCH_USER_PATHS = NO;
				CLANG_ANALYZER_NONNULL = YES;
				CLANG_CXX_LANGUAGE_STANDARD = "gnu++0x";
				CLANG_CXX_LIBRARY = "libc++";
				CLANG_ENABLE_MODULES = YES;
				CLANG_ENABLE_OBJC_ARC = YES;
				CLANG_WARN_BOOL_CONVERSION = YES;
				CLANG_WARN_CONSTANT_CONVERSION = YES;
				CLANG_WARN_DIRECT_OBJC_ISA_USAGE = YES_ERROR;
				CLANG_WARN_DOCUMENTATION_COMMENTS = YES;
				CLANG_WARN_EMPTY_BODY = YES;
				CLANG_WARN_ENUM_CONVERSION = YES;
				CLANG_WARN_INFINITE_RECURSION = YES;
				CLANG_WARN_INT_CONVERSION = YES;
				CLANG_WARN_OBJC_ROOT_CLASS = YES_ERROR;
				CLANG_WARN_SUSPICIOUS_MOVES = YES;
				CLANG_WARN_UNREACHABLE_CODE = YES;
				CLANG_WARN__DUPLICATE_METHOD_MATCH = YES;
				"CODE_SIGN_IDENTITY[sdk=iphoneos*]" = "iPhone Developer";
				COPY_PHASE_STRIP = NO;
				DEBUG_INFORMATION_FORMAT = "dwarf-with-dsym";
				ENABLE_NS_ASSERTIONS = NO;
				ENABLE_STRICT_OBJC_MSGSEND = YES;
				GCC_C_LANGUAGE_STANDARD = gnu99;
				GCC_NO_COMMON_BLOCKS = YES;
				GCC_WARN_64_TO_32_BIT_CONVERSION = YES;
				GCC_WARN_ABOUT_RETURN_TYPE = YES_ERROR;
				GCC_WARN_UNDECLARED_SELECTOR = YES;
				GCC_WARN_UNINITIALIZED_AUTOS = YES_AGGRESSIVE;
				GCC_WARN_UNUSED_FUNCTION = YES;
				GCC_WARN_UNUSED_VARIABLE = YES;
				IPHONEOS_DEPLOYMENT_TARGET = 10.1;
				MTL_ENABLE_DEBUG_INFO = NO;
				SDKROOT = iphoneos;
				SWIFT_OPTIMIZATION_LEVEL = "-Owholemodule";
				VALIDATE_PRODUCT = YES;
			};
			name = Release;
		};
		AFFA2A481F1C8B46004F9DE4 /* Debug */ = {
			isa = XCBuildConfiguration;
			baseConfigurationReference = 17CA3FD95290030F14C4EDD1 /* Pods-LottieTest.debug.xcconfig */;
			buildSettings = {
				ASSETCATALOG_COMPILER_APPICON_NAME = AppIcon;
				DEVELOPMENT_TEAM = U55RL8468U;
				INFOPLIST_FILE = LottieTest/Info.plist;
				LD_RUNPATH_SEARCH_PATHS = "$(inherited) @executable_path/Frameworks";
				PRODUCT_BUNDLE_IDENTIFIER = com.elson.LottieTest;
				PRODUCT_NAME = "$(TARGET_NAME)";
				SWIFT_VERSION = 3.0;
			};
			name = Debug;
		};
		AFFA2A491F1C8B46004F9DE4 /* Release */ = {
			isa = XCBuildConfiguration;
			baseConfigurationReference = E07AB0ACF6A6E5658BAAFD18 /* Pods-LottieTest.release.xcconfig */;
			buildSettings = {
				ASSETCATALOG_COMPILER_APPICON_NAME = AppIcon;
				DEVELOPMENT_TEAM = U55RL8468U;
				INFOPLIST_FILE = LottieTest/Info.plist;
				LD_RUNPATH_SEARCH_PATHS = "$(inherited) @executable_path/Frameworks";
				PRODUCT_BUNDLE_IDENTIFIER = com.elson.LottieTest;
				PRODUCT_NAME = "$(TARGET_NAME)";
				SWIFT_VERSION = 3.0;
			};
			name = Release;
		};
/* End XCBuildConfiguration section */

/* Begin XCConfigurationList section */
		AFFA2A301F1C8B45004F9DE4 /* Build configuration list for PBXProject "LottieTest" */ = {
			isa = XCConfigurationList;
			buildConfigurations = (
				AFFA2A451F1C8B46004F9DE4 /* Debug */,
				AFFA2A461F1C8B46004F9DE4 /* Release */,
			);
			defaultConfigurationIsVisible = 0;
			defaultConfigurationName = Release;
		};
		AFFA2A471F1C8B46004F9DE4 /* Build configuration list for PBXNativeTarget "LottieTest" */ = {
			isa = XCConfigurationList;
			buildConfigurations = (
				AFFA2A481F1C8B46004F9DE4 /* Debug */,
				AFFA2A491F1C8B46004F9DE4 /* Release */,
			);
			defaultConfigurationIsVisible = 0;
			defaultConfigurationName = Release;
		};
/* End XCConfigurationList section */
	};
	rootObject = AFFA2A2D1F1C8B45004F9DE4 /* Project object */;
}
